
Microsoft Visual Studio Solution File, Format Version 12.00
# Visual Studio 15
VisualStudioVersion = 15.0.27004.2009
MinimumVisualStudioVersion = 10.0.40219.1
Project("{FAE04EC0-301F-11D3-BF4B-00C04F79EFBC}") = "ParallaxView", "ParallaxView.csproj", "{CE90AC1F-EB8B-42E4-9798-7A84141555B7}"
EndProject
Global
	GlobalSection(SolutionConfigurationPlatforms) = preSolution
		Debug|ARM = Debug|ARM
		Debug|x64 = Debug|x64
		Debug|x86 = Debug|x86
		Release|ARM = Release|ARM
		Release|x64 = Release|x64
		Release|x86 = Release|x86
	EndGlobalSection
	GlobalSection(ProjectConfigurationPlatforms) = postSolution
		{CE90AC1F-EB8B-42E4-9798-7A84141555B7}.Debug|ARM.ActiveCfg = Debug|ARM
		{CE90AC1F-EB8B-42E4-9798-7A84141555B7}.Debug|ARM.Build.0 = Debug|ARM
		{CE90AC1F-EB8B-42E4-9798-7A84141555B7}.Debug|ARM.Deploy.0 = Debug|ARM
		{CE90AC1F-EB8B-42E4-9798-7A84141555B7}.Debug|x64.ActiveCfg = Debug|x64
		{CE90AC1F-EB8B-42E4-9798-7A84141555B7}.Debug|x64.Build.0 = Debug|x64
		{CE90AC1F-EB8B-42E4-9798-7A84141555B7}.Debug|x64.Deploy.0 = Debug|x64
		{CE90AC1F-EB8B-42E4-9798-7A84141555B7}.Debug|x86.ActiveCfg = Debug|x86
		{CE90AC1F-EB8B-42E4-9798-7A84141555B7}.Debug|x86.Build.0 = Debug|x86
		{CE90AC1F-EB8B-42E4-9798-7A84141555B7}.Debug|x86.Deploy.0 = Debug|x86
		{CE90AC1F-EB8B-42E4-9798-7A84141555B7}.Release|ARM.ActiveCfg = Release|ARM
		{CE90AC1F-EB8B-42E4-9798-7A84141555B7}.Release|ARM.Build.0 = Release|ARM
		{CE90AC1F-EB8B-42E4-9798-7A84141555B7}.Release|ARM.Deploy.0 = Release|ARM
		{CE90AC1F-EB8B-42E4-9798-7A84141555B7}.Release|x64.ActiveCfg = Release|x64
		{CE90AC1F-EB8B-42E4-9798-7A84141555B7}.Release|x64.Build.0 = Release|x64
		{CE90AC1F-EB8B-42E4-9798-7A84141555B7}.Release|x64.Deploy.0 = Release|x64
		{CE90AC1F-EB8B-42E4-9798-7A84141555B7}.Release|x86.ActiveCfg = Release|x86
		{CE90AC1F-EB8B-42E4-9798-7A84141555B7}.Release|x86.Build.0 = Release|x86
		{CE90AC1F-EB8B-42E4-9798-7A84141555B7}.Release|x86.Deploy.0 = Release|x86
	EndGlobalSection
	GlobalSection(SolutionProperties) = preSolution
		HideSolutionNode = FALSE
	EndGlobalSection
	GlobalSection(ExtensibilityGlobals) = postSolution
		SolutionGuid = {FB261671-7630-4805-98A9-466FA486CB6B}
	EndGlobalSection
EndGlobal
